// !$*UTF8*$!
{
	archiveVersion = 1;
	classes = {
	};
	objectVersion = 46;
	objects = {

/* Begin PBXBuildFile section */
		CC147FE41A963379009C1CCE /* AppDelegate.swift in Sources */ = {isa = PBXBuildFile; fileRef = CC147FE31A963379009C1CCE /* AppDelegate.swift */; };
		CC147FE61A963379009C1CCE /* ViewController.swift in Sources */ = {isa = PBXBuildFile; fileRef = CC147FE51A963379009C1CCE /* ViewController.swift */; };
		CC147FE91A963379009C1CCE /* Main.storyboard in Resources */ = {isa = PBXBuildFile; fileRef = CC147FE71A963379009C1CCE /* Main.storyboard */; };
		CC147FEB1A963379009C1CCE /* Images.xcassets in Resources */ = {isa = PBXBuildFile; fileRef = CC147FEA1A963379009C1CCE /* Images.xcassets */; };
		CC147FEE1A963379009C1CCE /* LaunchScreen.xib in Resources */ = {isa = PBXBuildFile; fileRef = CC147FEC1A963379009C1CCE /* LaunchScreen.xib */; };
		CC147FFA1A963379009C1CCE /* PostcardTests.swift in Sources */ = {isa = PBXBuildFile; fileRef = CC147FF91A963379009C1CCE /* PostcardTests.swift */; };
/* End PBXBuildFile section */

/* Begin PBXContainerItemProxy section */
		CC147FF41A963379009C1CCE /* PBXContainerItemProxy */ = {
			isa = PBXContainerItemProxy;
			containerPortal = CC147FD61A963379009C1CCE /* Project object */;
			proxyType = 1;
			remoteGlobalIDString = CC147FDD1A963379009C1CCE;
			remoteInfo = Postcard;
		};
/* End PBXContainerItemProxy section */

/* Begin PBXFileReference section */
		CC147FDE1A963379009C1CCE /* Postcard.app */ = {isa = PBXFileReference; explicitFileType = wrapper.application; includeInIndex = 0; path = Postcard.app; sourceTree = BUILT_PRODUCTS_DIR; };
		CC147FE21A963379009C1CCE /* Info.plist */ = {isa = PBXFileReference; lastKnownFileType = text.plist.xml; path = Info.plist; sourceTree = "<group>"; };
		CC147FE31A963379009C1CCE /* AppDelegate.swift */ = {isa = PBXFileReference; lastKnownFileType = sourcecode.swift; path = AppDelegate.swift; sourceTree = "<group>"; };
		CC147FE51A963379009C1CCE /* ViewController.swift */ = {isa = PBXFileReference; lastKnownFileType = sourcecode.swift; path = ViewController.swift; sourceTree = "<group>"; };
		CC147FE81A963379009C1CCE /* Base */ = {isa = PBXFileReference; lastKnownFileType = file.storyboard; name = Base; path = Base.lproj/Main.storyboard; sourceTree = "<group>"; };
		CC147FEA1A963379009C1CCE /* Images.xcassets */ = {isa = PBXFileReference; lastKnownFileType = folder.assetcatalog; path = Images.xcassets; sourceTree = "<group>"; };
		CC147FED1A963379009C1CCE /* Base */ = {isa = PBXFileReference; lastKnownFileType = file.xib; name = Base; path = Base.lproj/LaunchScreen.xib; sourceTree = "<group>"; };
		CC147FF31A963379009C1CCE /* PostcardTests.xctest */ = {isa = PBXFileReference; explicitFileType = wrapper.cfbundle; includeInIndex = 0; path = PostcardTests.xctest; sourceTree = BUILT_PRODUCTS_DIR; };
		CC147FF81A963379009C1CCE /* Info.plist */ = {isa = PBXFileReference; lastKnownFileType = text.plist.xml; path = Info.plist; sourceTree = "<group>"; };
		CC147FF91A963379009C1CCE /* PostcardTests.swift */ = {isa = PBXFileReference; lastKnownFileType = sourcecode.swift; path = PostcardTests.swift; sourceTree = "<group>"; };
/* End PBXFileReference section */

/* Begin PBXFrameworksBuildPhase section */
		CC147FDB1A963379009C1CCE /* Frameworks */ = {
			isa = PBXFrameworksBuildPhase;
			buildActionMask = 2147483647;
			files = (
			);
			runOnlyForDeploymentPostprocessing = 0;
		};
		CC147FF01A963379009C1CCE /* Frameworks */ = {
			isa = PBXFrameworksBuildPhase;
			buildActionMask = 2147483647;
			files = (
			);
			runOnlyForDeploymentPostprocessing = 0;
		};
/* End PBXFrameworksBuildPhase section */

/* Begin PBXGroup section */
		CC147FD51A963379009C1CCE = {
			isa = PBXGroup;
			children = (
				CC147FE01A963379009C1CCE /* Postcard */,
				CC147FF61A963379009C1CCE /* PostcardTests */,
				CC147FDF1A963379009C1CCE /* Products */,
			);
			sourceTree = "<group>";
		};
		CC147FDF1A963379009C1CCE /* Products */ = {
			isa = PBXGroup;
			children = (
				CC147FDE1A963379009C1CCE /* Postcard.app */,
				CC147FF31A963379009C1CCE /* PostcardTests.xctest */,
			);
			name = Products;
			sourceTree = "<group>";
		};
		CC147FE01A963379009C1CCE /* Postcard */ = {
			isa = PBXGroup;
			children = (
				CC147FE31A963379009C1CCE /* AppDelegate.swift */,
				CC147FE51A963379009C1CCE /* ViewController.swift */,
				CC147FE71A963379009C1CCE /* Main.storyboard */,
				CC147FEA1A963379009C1CCE /* Images.xcassets */,
				CC147FEC1A963379009C1CCE /* LaunchScreen.xib */,
				CC147FE11A963379009C1CCE /* Supporting Files */,
			);
			path = Postcard;
			sourceTree = "<group>";
		};
		CC147FE11A963379009C1CCE /* Supporting Files */ = {
			isa = PBXGroup;
			children = (
				CC147FE21A963379009C1CCE /* Info.plist */,
			);
			name = "Supporting Files";
			sourceTree = "<group>";
		};
		CC147FF61A963379009C1CCE /* PostcardTests */ = {
			isa = PBXGroup;
			children = (
				CC147FF91A963379009C1CCE /* PostcardTests.swift */,
				CC147FF71A963379009C1CCE /* Supporting Files */,
			);
			path = PostcardTests;
			sourceTree = "<group>";
		};
		CC147FF71A963379009C1CCE /* Supporting Files */ = {
			isa = PBXGroup;
			children = (
				CC147FF81A963379009C1CCE /* Info.plist */,
			);
			name = "Supporting Files";
			sourceTree = "<group>";
		};
/* End PBXGroup section */

/* Begin PBXNativeTarget section */
		CC147FDD1A963379009C1CCE /* Postcard */ = {
			isa = PBXNativeTarget;
			buildConfigurationList = CC147FFD1A963379009C1CCE /* Build configuration list for PBXNativeTarget "Postcard" */;
			buildPhases = (
				CC147FDA1A963379009C1CCE /* Sources */,
				CC147FDB1A963379009C1CCE /* Frameworks */,
				CC147FDC1A963379009C1CCE /* Resources */,
			);
			buildRules = (
			);
			dependencies = (
			);
			name = Postcard;
			productName = Postcard;
			productReference = CC147FDE1A963379009C1CCE /* Postcard.app */;
			productType = "com.apple.product-type.application";
		};
		CC147FF21A963379009C1CCE /* PostcardTests */ = {
			isa = PBXNativeTarget;
			buildConfigurationList = CC1480001A963379009C1CCE /* Build configuration list for PBXNativeTarget "PostcardTests" */;
			buildPhases = (
				CC147FEF1A963379009C1CCE /* Sources */,
				CC147FF01A963379009C1CCE /* Frameworks */,
				CC147FF11A963379009C1CCE /* Resources */,
			);
			buildRules = (
			);
			dependencies = (
				CC147FF51A963379009C1CCE /* PBXTargetDependency */,
			);
			name = PostcardTests;
			productName = PostcardTests;
			productReference = CC147FF31A963379009C1CCE /* PostcardTests.xctest */;
			productType = "com.apple.product-type.bundle.unit-test";
		};
/* End PBXNativeTarget section */

/* Begin PBXProject section */
		CC147FD61A963379009C1CCE /* Project object */ = {
			isa = PBXProject;
			attributes = {
				LastUpgradeCheck = 0610;
				ORGANIZATIONNAME = DanSmithCo;
				TargetAttributes = {
					CC147FDD1A963379009C1CCE = {
						CreatedOnToolsVersion = 6.1.1;
					};
					CC147FF21A963379009C1CCE = {
						CreatedOnToolsVersion = 6.1.1;
						TestTargetID = CC147FDD1A963379009C1CCE;
					};
				};
			};
			buildConfigurationList = CC147FD91A963379009C1CCE /* Build configuration list for PBXProject "Postcard" */;
			compatibilityVersion = "Xcode 3.2";
			developmentRegion = English;
			hasScannedForEncodings = 0;
			knownRegions = (
				en,
				Base,
			);
			mainGroup = CC147FD51A963379009C1CCE;
			productRefGroup = CC147FDF1A963379009C1CCE /* Products */;
			projectDirPath = "";
			projectRoot = "";
			targets = (
				CC147FDD1A963379009C1CCE /* Postcard */,
				CC147FF21A963379009C1CCE /* PostcardTests */,
			);
		};
/* End PBXProject section */

/* Begin PBXResourcesBuildPhase section */
		CC147FDC1A963379009C1CCE /* Resources */ = {
			isa = PBXResourcesBuildPhase;
			buildActionMask = 2147483647;
			files = (
				CC147FE91A963379009C1CCE /* Main.storyboard in Resources */,
				CC147FEE1A963379009C1CCE /* LaunchScreen.xib in Resources */,
				CC147FEB1A963379009C1CCE /* Images.xcassets in Resources */,
			);
			runOnlyForDeploymentPostprocessing = 0;
		};
		CC147FF11A963379009C1CCE /* Resources */ = {
			isa = PBXResourcesBuildPhase;
			buildActionMask = 2147483647;
			files = (
			);
			runOnlyForDeploymentPostprocessing = 0;
		};
/* End PBXResourcesBuildPhase section */

/* Begin PBXSourcesBuildPhase section */
		CC147FDA1A963379009C1CCE /* Sources */ = {
			isa = PBXSourcesBuildPhase;
			buildActionMask = 2147483647;
			files = (
				CC147FE61A963379009C1CCE /* ViewController.swift in Sources */,
				CC147FE41A963379009C1CCE /* AppDelegate.swift in Sources */,
			);
			runOnlyForDeploymentPostprocessing = 0;
		};
		CC147FEF1A963379009C1CCE /* Sources */ = {
			isa = PBXSourcesBuildPhase;
			buildActionMask = 2147483647;
			files = (
				CC147FFA1A963379009C1CCE /* PostcardTests.swift in Sources */,
			);
			runOnlyForDeploymentPostprocessing = 0;
		};
/* End PBXSourcesBuildPhase section */

/* Begin PBXTargetDependency section */
		CC147FF51A963379009C1CCE /* PBXTargetDependency */ = {
			isa = PBXTargetDependency;
			target = CC147FDD1A963379009C1CCE /* Postcard */;
			targetProxy = CC147FF41A963379009C1CCE /* PBXContainerItemProxy */;
		};
/* End PBXTargetDependency section */

/* Begin PBXVariantGroup section */
		CC147FE71A963379009C1CCE /* Main.storyboard */ = {
			isa = PBXVariantGroup;
			children = (
				CC147FE81A963379009C1CCE /* Base */,
			);
			name = Main.storyboard;
			sourceTree = "<group>";
		};
		CC147FEC1A963379009C1CCE /* LaunchScreen.xib */ = {
			isa = PBXVariantGroup;
			children = (
				CC147FED1A963379009C1CCE /* Base */,
			);
			name = LaunchScreen.xib;
			sourceTree = "<group>";
		};
/* End PBXVariantGroup section */

/* Begin XCBuildConfiguration section */
		CC147FFB1A963379009C1CCE /* Debug */ = {
			isa = XCBuildConfiguration;
			buildSettings = {
				ALWAYS_SEARCH_USER_PATHS = NO;
				CLANG_CXX_LANGUAGE_STANDARD = "gnu++0x";
				CLANG_CXX_LIBRARY = "libc++";
				CLANG_ENABLE_MODULES = YES;
				CLANG_ENABLE_OBJC_ARC = YES;
				CLANG_WARN_BOOL_CONVERSION = YES;
				CLANG_WARN_CONSTANT_CONVERSION = YES;
				CLANG_WARN_DIRECT_OBJC_ISA_USAGE = YES_ERROR;
				CLANG_WARN_EMPTY_BODY = YES;
				CLANG_WARN_ENUM_CONVERSION = YES;
				CLANG_WARN_INT_CONVERSION = YES;
				CLANG_WARN_OBJC_ROOT_CLASS = YES_ERROR;
				CLANG_WARN_UNREACHABLE_CODE = YES;
				CLANG_WARN__DUPLICATE_METHOD_MATCH = YES;
				"CODE_SIGN_IDENTITY[sdk=iphoneos*]" = "iPhone Developer";
				COPY_PHASE_STRIP = NO;
				ENABLE_STRICT_OBJC_MSGSEND = YES;
				GCC_C_LANGUAGE_STANDARD = gnu99;
				GCC_DYNAMIC_NO_PIC = NO;
				GCC_OPTIMIZATION_LEVEL = 0;
				GCC_PREPROCESSOR_DEFINITIONS = (
					"DEBUG=1",
					"$(inherited)",
				);
				GCC_SYMBOLS_PRIVATE_EXTERN = NO;
				GCC_WARN_64_TO_32_BIT_CONVERSION = YES;
				GCC_WARN_ABOUT_RETURN_TYPE = YES_ERROR;
				GCC_WARN_UNDECLARED_SELECTOR = YES;
				GCC_WARN_UNINITIALIZED_AUTOS = YES_AGGRESSIVE;
				GCC_WARN_UNUSED_FUNCTION = YES;
				GCC_WARN_UNUSED_VARIABLE = YES;
				IPHONEOS_DEPLOYMENT_TARGET = 8.1;
				MTL_ENABLE_DEBUG_INFO = YES;
				ONLY_ACTIVE_ARCH = YES;
				SDKROOT = iphoneos;
				SWIFT_OPTIMIZATION_LEVEL = "-Onone";
				TARGETED_DEVICE_FAMILY = "1,2";
			};
			name = Debug;
		};
		CC147FFC1A963379009C1CCE /* Release */ = {
			isa = XCBuildConfiguration;
			buildSettings = {
				ALWAYS_SEARCH_USER_PATHS = NO;
				CLANG_CXX_LANGUAGE_STANDARD = "gnu++0x";
				CLANG_CXX_LIBRARY = "libc++";
				CLANG_ENABLE_MODULES = YES;
				CLANG_ENABLE_OBJC_ARC = YES;
				CLANG_WARN_BOOL_CONVERSION = YES;
				CLANG_WARN_CONSTANT_CONVERSION = YES;
				CLANG_WARN_DIRECT_OBJC_ISA_USAGE = YES_ERROR;
				CLANG_WARN_EMPTY_BODY = YES;
				CLANG_WARN_ENUM_CONVERSION = YES;
				CLANG_WARN_INT_CONVERSION = YES;
				CLANG_WARN_OBJC_ROOT_CLASS = YES_ERROR;
				CLANG_WARN_UNREACHABLE_CODE = YES;
				CLANG_WARN__DUPLICATE_METHOD_MATCH = YES;
				"CODE_SIGN_IDENTITY[sdk=iphoneos*]" = "iPhone Developer";
				COPY_PHASE_STRIP = YES;
				ENABLE_NS_ASSERTIONS = NO;
				ENABLE_STRICT_OBJC_MSGSEND = YES;
				GCC_C_LANGUAGE_STANDARD = gnu99;
				GCC_WARN_64_TO_32_BIT_CONVERSION = YES;
				GCC_WARN_ABOUT_RETURN_TYPE = YES_ERROR;
				GCC_WARN_UNDECLARED_SELECTOR = YES;
				GCC_WARN_UNINITIALIZED_AUTOS = YES_AGGRESSIVE;
				GCC_WARN_UNUSED_FUNCTION = YES;
				GCC_WARN_UNUSED_VARIABLE = YES;
				IPHONEOS_DEPLOYMENT_TARGET = 8.1;
				MTL_ENABLE_DEBUG_INFO = NO;
				SDKROOT = iphoneos;
				TARGETED_DEVICE_FAMILY = "1,2";
				VALIDATE_PRODUCT = YES;
			};
			name = Release;
		};
		CC147FFE1A963379009C1CCE /* Debug */ = {
			isa = XCBuildConfiguration;
			buildSettings = {
				ASSETCATALOG_COMPILER_APPICON_NAME = AppIcon;
				INFOPLIST_FILE = Postcard/Info.plist;
				LD_RUNPATH_SEARCH_PATHS = "$(inherited) @executable_path/Frameworks";
				PRODUCT_NAME = "$(TARGET_NAME)";
			};
			name = Debug;
		};
		CC147FFF1A963379009C1CCE /* Release */ = {
			isa = XCBuildConfiguration;
			buildSettings = {
				ASSETCATALOG_COMPILER_APPICON_NAME = AppIcon;
				INFOPLIST_FILE = Postcard/Info.plist;
				LD_RUNPATH_SEARCH_PATHS = "$(inherited) @executable_path/Frameworks";
				PRODUCT_NAME = "$(TARGET_NAME)";
			};
			name = Release;
		};
		CC1480011A963379009C1CCE /* Debug */ = {
			isa = XCBuildConfiguration;
			buildSettings = {
				BUNDLE_LOADER = "$(TEST_HOST)";
				FRAMEWORK_SEARCH_PATHS = (
					"$(SDKROOT)/Developer/Library/Frameworks",
					"$(inherited)",
				);
				GCC_PREPROCESSOR_DEFINITIONS = (
					"DEBUG=1",
					"$(inherited)",
				);
				INFOPLIST_FILE = PostcardTests/Info.plist;
				LD_RUNPATH_SEARCH_PATHS = "$(inherited) @executable_path/Frameworks @loader_path/Frameworks";
				PRODUCT_NAME = "$(TARGET_NAME)";
				TEST_HOST = "$(BUILT_PRODUCTS_DIR)/Postcard.app/Postcard";
			};
			name = Debug;
		};
		CC1480021A963379009C1CCE /* Release */ = {
			isa = XCBuildConfiguration;
			buildSettings = {
				BUNDLE_LOADER = "$(TEST_HOST)";
				FRAMEWORK_SEARCH_PATHS = (
					"$(SDKROOT)/Developer/Library/Frameworks",
					"$(inherited)",
				);
				INFOPLIST_FILE = PostcardTests/Info.plist;
				LD_RUNPATH_SEARCH_PATHS = "$(inherited) @executable_path/Frameworks @loader_path/Frameworks";
				PRODUCT_NAME = "$(TARGET_NAME)";
				TEST_HOST = "$(BUILT_PRODUCTS_DIR)/Postcard.app/Postcard";
			};
			name = Release;
		};
/* End XCBuildConfiguration section */

/* Begin XCConfigurationList section */
		CC147FD91A963379009C1CCE /* Build configuration list for PBXProject "Postcard" */ = {
			isa = XCConfigurationList;
			buildConfigurations = (
				CC147FFB1A963379009C1CCE /* Debug */,
				CC147FFC1A963379009C1CCE /* Release */,
			);
			defaultConfigurationIsVisible = 0;
			defaultConfigurationName = Release;
		};
		CC147FFD1A963379009C1CCE /* Build configuration list for PBXNativeTarget "Postcard" */ = {
			isa = XCConfigurationList;
			buildConfigurations = (
				CC147FFE1A963379009C1CCE /* Debug */,
				CC147FFF1A963379009C1CCE /* Release */,
			);
			defaultConfigurationIsVisible = 0;
		};
		CC1480001A963379009C1CCE /* Build configuration list for PBXNativeTarget "PostcardTests" */ = {
			isa = XCConfigurationList;
			buildConfigurations = (
				CC1480011A963379009C1CCE /* Debug */,
				CC1480021A963379009C1CCE /* Release */,
			);
			defaultConfigurationIsVisible = 0;
		};
/* End XCConfigurationList section */
	};
	rootObject = CC147FD61A963379009C1CCE /* Project object */;
}
